<Solution>
  <Folder Name="/src/">
    <Project Path="src/InstaLite.Api/InstaLite.Api.csproj" />
    <Project Path="src/InstaLite.Application/InstaLite.Application.csproj" />
    <Project Path="src/InstaLite.Domain/InstaLite.Domain.csproj" />
    <Project Path="src/InstaLite.Infrastructure/InstaLite.Infrastructure.csproj" />
  </Folder>
  <Folder Name="/tests/">
    <Project Path="tests/InstaLite.Tests/InstaLite.Tests.csproj" />
  </Folder>
</Solution>
